// !$*UTF8*$!
{
	archiveVersion = 1;
	classes = {
	};
	objectVersion = 46;
	objects = {

/* Begin PBXBuildFile section */
		29AE73C11AC161CF00187AFA /* BSGLevel.m in Sources */ = {isa = PBXBuildFile; fileRef = 29AE73C01AC161CF00187AFA /* BSGLevel.m */; };
		29EEC6121AC029E1008C824D /* Foundation.framework in Frameworks */ = {isa = PBXBuildFile; fileRef = 29EEC6111AC029E1008C824D /* Foundation.framework */; };
		29EEC6141AC029E1008C824D /* CoreGraphics.framework in Frameworks */ = {isa = PBXBuildFile; fileRef = 29EEC6131AC029E1008C824D /* CoreGraphics.framework */; };
		29EEC6161AC029E1008C824D /* UIKit.framework in Frameworks */ = {isa = PBXBuildFile; fileRef = 29EEC6151AC029E1008C824D /* UIKit.framework */; };
		29EEC6181AC029E1008C824D /* SpriteKit.framework in Frameworks */ = {isa = PBXBuildFile; fileRef = 29EEC6171AC029E1008C824D /* SpriteKit.framework */; };
		29EEC61E1AC029E1008C824D /* InfoPlist.strings in Resources */ = {isa = PBXBuildFile; fileRef = 29EEC61C1AC029E1008C824D /* InfoPlist.strings */; };
		29EEC6201AC029E1008C824D /* main.m in Sources */ = {isa = PBXBuildFile; fileRef = 29EEC61F1AC029E1008C824D /* main.m */; };
		29EEC6241AC029E1008C824D /* BSGAppDelegate.m in Sources */ = {isa = PBXBuildFile; fileRef = 29EEC6231AC029E1008C824D /* BSGAppDelegate.m */; };
		29EEC6271AC029E1008C824D /* Main.storyboard in Resources */ = {isa = PBXBuildFile; fileRef = 29EEC6251AC029E1008C824D /* Main.storyboard */; };
		29EEC62A1AC029E1008C824D /* BSGViewController.m in Sources */ = {isa = PBXBuildFile; fileRef = 29EEC6291AC029E1008C824D /* BSGViewController.m */; };
		29EEC62D1AC029E1008C824D /* BSGMyScene.m in Sources */ = {isa = PBXBuildFile; fileRef = 29EEC62C1AC029E1008C824D /* BSGMyScene.m */; };
		29EEC6311AC029E1008C824D /* Images.xcassets in Resources */ = {isa = PBXBuildFile; fileRef = 29EEC6301AC029E1008C824D /* Images.xcassets */; };
		29EEC6381AC029E1008C824D /* XCTest.framework in Frameworks */ = {isa = PBXBuildFile; fileRef = 29EEC6371AC029E1008C824D /* XCTest.framework */; };
		29EEC6391AC029E1008C824D /* Foundation.framework in Frameworks */ = {isa = PBXBuildFile; fileRef = 29EEC6111AC029E1008C824D /* Foundation.framework */; };
		29EEC63A1AC029E1008C824D /* UIKit.framework in Frameworks */ = {isa = PBXBuildFile; fileRef = 29EEC6151AC029E1008C824D /* UIKit.framework */; };
		29EEC6421AC029E1008C824D /* InfoPlist.strings in Resources */ = {isa = PBXBuildFile; fileRef = 29EEC6401AC029E1008C824D /* InfoPlist.strings */; };
		29EEC6441AC029E1008C824D /* CoockieCrunchTests.m in Sources */ = {isa = PBXBuildFile; fileRef = 29EEC6431AC029E1008C824D /* CoockieCrunchTests.m */; };
		29EEC6621AC02C03008C824D /* Grid.atlas in Resources */ = {isa = PBXBuildFile; fileRef = 29EEC64E1AC02C03008C824D /* Grid.atlas */; };
		29EEC6631AC02C03008C824D /* Background@2x.png in Resources */ = {isa = PBXBuildFile; fileRef = 29EEC6501AC02C03008C824D /* Background@2x.png */; };
		29EEC6641AC02C03008C824D /* Button@2x.png in Resources */ = {isa = PBXBuildFile; fileRef = 29EEC6511AC02C03008C824D /* Button@2x.png */; };
		29EEC6651AC02C03008C824D /* GameOver@2x.png in Resources */ = {isa = PBXBuildFile; fileRef = 29EEC6521AC02C03008C824D /* GameOver@2x.png */; };
		29EEC6661AC02C03008C824D /* LevelComplete@2x.png in Resources */ = {isa = PBXBuildFile; fileRef = 29EEC6531AC02C03008C824D /* LevelComplete@2x.png */; };
		29EEC6671AC02C03008C824D /* Level_0.json in Resources */ = {isa = PBXBuildFile; fileRef = 29EEC6551AC02C03008C824D /* Level_0.json */; };
		29EEC6681AC02C03008C824D /* Level_1.json in Resources */ = {isa = PBXBuildFile; fileRef = 29EEC6561AC02C03008C824D /* Level_1.json */; };
		29EEC6691AC02C03008C824D /* Level_2.json in Resources */ = {isa = PBXBuildFile; fileRef = 29EEC6571AC02C03008C824D /* Level_2.json */; };
		29EEC66A1AC02C03008C824D /* Level_3.json in Resources */ = {isa = PBXBuildFile; fileRef = 29EEC6581AC02C03008C824D /* Level_3.json */; };
		29EEC66B1AC02C03008C824D /* Level_4.json in Resources */ = {isa = PBXBuildFile; fileRef = 29EEC6591AC02C03008C824D /* Level_4.json */; };
		29EEC66C1AC02C03008C824D /* Chomp.wav in Resources */ = {isa = PBXBuildFile; fileRef = 29EEC65B1AC02C03008C824D /* Chomp.wav */; };
		29EEC66D1AC02C03008C824D /* Drip.wav in Resources */ = {isa = PBXBuildFile; fileRef = 29EEC65C1AC02C03008C824D /* Drip.wav */; };
		29EEC66E1AC02C03008C824D /* Error.wav in Resources */ = {isa = PBXBuildFile; fileRef = 29EEC65D1AC02C03008C824D /* Error.wav */; };
		29EEC66F1AC02C03008C824D /* Ka-Ching.wav in Resources */ = {isa = PBXBuildFile; fileRef = 29EEC65E1AC02C03008C824D /* Ka-Ching.wav */; };
		29EEC6701AC02C03008C824D /* Mining by Moonlight.mp3 in Resources */ = {isa = PBXBuildFile; fileRef = 29EEC65F1AC02C03008C824D /* Mining by Moonlight.mp3 */; };
		29EEC6711AC02C03008C824D /* Scrape.wav in Resources */ = {isa = PBXBuildFile; fileRef = 29EEC6601AC02C03008C824D /* Scrape.wav */; };
		29EEC6721AC02C03008C824D /* Sprites.atlas in Resources */ = {isa = PBXBuildFile; fileRef = 29EEC6611AC02C03008C824D /* Sprites.atlas */; };
		29EEC6761AC0322E008C824D /* BSGCoockie.m in Sources */ = {isa = PBXBuildFile; fileRef = 29EEC6751AC0322E008C824D /* BSGCoockie.m */; };
/* End PBXBuildFile section */

/* Begin PBXContainerItemProxy section */
		29EEC63B1AC029E1008C824D /* PBXContainerItemProxy */ = {
			isa = PBXContainerItemProxy;
			containerPortal = 29EEC6061AC029E1008C824D /* Project object */;
			proxyType = 1;
			remoteGlobalIDString = 29EEC60D1AC029E1008C824D;
			remoteInfo = CoockieCrunch;
		};
/* End PBXContainerItemProxy section */

/* Begin PBXFileReference section */
		29AE73BF1AC161CF00187AFA /* BSGLevel.h */ = {isa = PBXFileReference; fileEncoding = 4; lastKnownFileType = sourcecode.c.h; path = BSGLevel.h; sourceTree = "<group>"; };
		29AE73C01AC161CF00187AFA /* BSGLevel.m */ = {isa = PBXFileReference; fileEncoding = 4; lastKnownFileType = sourcecode.c.objc; path = BSGLevel.m; sourceTree = "<group>"; };
		29EEC60E1AC029E1008C824D /* CoockieCrunch.app */ = {isa = PBXFileReference; explicitFileType = wrapper.application; includeInIndex = 0; path = CoockieCrunch.app; sourceTree = BUILT_PRODUCTS_DIR; };
		29EEC6111AC029E1008C824D /* Foundation.framework */ = {isa = PBXFileReference; lastKnownFileType = wrapper.framework; name = Foundation.framework; path = System/Library/Frameworks/Foundation.framework; sourceTree = SDKROOT; };
		29EEC6131AC029E1008C824D /* CoreGraphics.framework */ = {isa = PBXFileReference; lastKnownFileType = wrapper.framework; name = CoreGraphics.framework; path = System/Library/Frameworks/CoreGraphics.framework; sourceTree = SDKROOT; };
		29EEC6151AC029E1008C824D /* UIKit.framework */ = {isa = PBXFileReference; lastKnownFileType = wrapper.framework; name = UIKit.framework; path = System/Library/Frameworks/UIKit.framework; sourceTree = SDKROOT; };
		29EEC6171AC029E1008C824D /* SpriteKit.framework */ = {isa = PBXFileReference; lastKnownFileType = wrapper.framework; name = SpriteKit.framework; path = System/Library/Frameworks/SpriteKit.framework; sourceTree = SDKROOT; };
		29EEC61B1AC029E1008C824D /* CoockieCrunch-Info.plist */ = {isa = PBXFileReference; lastKnownFileType = text.plist.xml; path = "CoockieCrunch-Info.plist"; sourceTree = "<group>"; };
		29EEC61D1AC029E1008C824D /* en */ = {isa = PBXFileReference; lastKnownFileType = text.plist.strings; name = en; path = en.lproj/InfoPlist.strings; sourceTree = "<group>"; };
		29EEC61F1AC029E1008C824D /* main.m */ = {isa = PBXFileReference; lastKnownFileType = sourcecode.c.objc; path = main.m; sourceTree = "<group>"; };
		29EEC6211AC029E1008C824D /* CoockieCrunch-Prefix.pch */ = {isa = PBXFileReference; lastKnownFileType = sourcecode.c.h; path = "CoockieCrunch-Prefix.pch"; sourceTree = "<group>"; };
		29EEC6221AC029E1008C824D /* BSGAppDelegate.h */ = {isa = PBXFileReference; lastKnownFileType = sourcecode.c.h; path = BSGAppDelegate.h; sourceTree = "<group>"; };
		29EEC6231AC029E1008C824D /* BSGAppDelegate.m */ = {isa = PBXFileReference; lastKnownFileType = sourcecode.c.objc; path = BSGAppDelegate.m; sourceTree = "<group>"; };
		29EEC6261AC029E1008C824D /* Base */ = {isa = PBXFileReference; lastKnownFileType = file.storyboard; name = Base; path = Base.lproj/Main.storyboard; sourceTree = "<group>"; };
		29EEC6281AC029E1008C824D /* BSGViewController.h */ = {isa = PBXFileReference; lastKnownFileType = sourcecode.c.h; path = BSGViewController.h; sourceTree = "<group>"; };
		29EEC6291AC029E1008C824D /* BSGViewController.m */ = {isa = PBXFileReference; lastKnownFileType = sourcecode.c.objc; path = BSGViewController.m; sourceTree = "<group>"; };
		29EEC62B1AC029E1008C824D /* BSGMyScene.h */ = {isa = PBXFileReference; lastKnownFileType = sourcecode.c.h; path = BSGMyScene.h; sourceTree = "<group>"; };
		29EEC62C1AC029E1008C824D /* BSGMyScene.m */ = {isa = PBXFileReference; lastKnownFileType = sourcecode.c.objc; path = BSGMyScene.m; sourceTree = "<group>"; };
		29EEC6301AC029E1008C824D /* Images.xcassets */ = {isa = PBXFileReference; lastKnownFileType = folder.assetcatalog; path = Images.xcassets; sourceTree = "<group>"; };
		29EEC6361AC029E1008C824D /* CoockieCrunchTests.xctest */ = {isa = PBXFileReference; explicitFileType = wrapper.cfbundle; includeInIndex = 0; path = CoockieCrunchTests.xctest; sourceTree = BUILT_PRODUCTS_DIR; };
		29EEC6371AC029E1008C824D /* XCTest.framework */ = {isa = PBXFileReference; lastKnownFileType = wrapper.framework; name = XCTest.framework; path = Library/Frameworks/XCTest.framework; sourceTree = DEVELOPER_DIR; };
		29EEC63F1AC029E1008C824D /* CoockieCrunchTests-Info.plist */ = {isa = PBXFileReference; lastKnownFileType = text.plist.xml; path = "CoockieCrunchTests-Info.plist"; sourceTree = "<group>"; };
		29EEC6411AC029E1008C824D /* en */ = {isa = PBXFileReference; lastKnownFileType = text.plist.strings; name = en; path = en.lproj/InfoPlist.strings; sourceTree = "<group>"; };
		29EEC6431AC029E1008C824D /* CoockieCrunchTests.m */ = {isa = PBXFileReference; lastKnownFileType = sourcecode.c.objc; path = CoockieCrunchTests.m; sourceTree = "<group>"; };
		29EEC64E1AC02C03008C824D /* Grid.atlas */ = {isa = PBXFileReference; lastKnownFileType = folder.skatlas; path = Grid.atlas; sourceTree = "<group>"; };
		29EEC6501AC02C03008C824D /* Background@2x.png */ = {isa = PBXFileReference; lastKnownFileType = image.png; path = "Background@2x.png"; sourceTree = "<group>"; };
		29EEC6511AC02C03008C824D /* Button@2x.png */ = {isa = PBXFileReference; lastKnownFileType = image.png; path = "Button@2x.png"; sourceTree = "<group>"; };
		29EEC6521AC02C03008C824D /* GameOver@2x.png */ = {isa = PBXFileReference; lastKnownFileType = image.png; path = "GameOver@2x.png"; sourceTree = "<group>"; };
		29EEC6531AC02C03008C824D /* LevelComplete@2x.png */ = {isa = PBXFileReference; lastKnownFileType = image.png; path = "LevelComplete@2x.png"; sourceTree = "<group>"; };
		29EEC6551AC02C03008C824D /* Level_0.json */ = {isa = PBXFileReference; fileEncoding = 4; lastKnownFileType = text.json; path = Level_0.json; sourceTree = "<group>"; };
		29EEC6561AC02C03008C824D /* Level_1.json */ = {isa = PBXFileReference; fileEncoding = 4; lastKnownFileType = text.json; path = Level_1.json; sourceTree = "<group>"; };
		29EEC6571AC02C03008C824D /* Level_2.json */ = {isa = PBXFileReference; fileEncoding = 4; lastKnownFileType = text.json; path = Level_2.json; sourceTree = "<group>"; };
		29EEC6581AC02C03008C824D /* Level_3.json */ = {isa = PBXFileReference; fileEncoding = 4; lastKnownFileType = text.json; path = Level_3.json; sourceTree = "<group>"; };
		29EEC6591AC02C03008C824D /* Level_4.json */ = {isa = PBXFileReference; fileEncoding = 4; lastKnownFileType = text.json; path = Level_4.json; sourceTree = "<group>"; };
		29EEC65B1AC02C03008C824D /* Chomp.wav */ = {isa = PBXFileReference; lastKnownFileType = audio.wav; path = Chomp.wav; sourceTree = "<group>"; };
		29EEC65C1AC02C03008C824D /* Drip.wav */ = {isa = PBXFileReference; lastKnownFileType = audio.wav; path = Drip.wav; sourceTree = "<group>"; };
		29EEC65D1AC02C03008C824D /* Error.wav */ = {isa = PBXFileReference; lastKnownFileType = audio.wav; path = Error.wav; sourceTree = "<group>"; };
		29EEC65E1AC02C03008C824D /* Ka-Ching.wav */ = {isa = PBXFileReference; lastKnownFileType = audio.wav; path = "Ka-Ching.wav"; sourceTree = "<group>"; };
		29EEC65F1AC02C03008C824D /* Mining by Moonlight.mp3 */ = {isa = PBXFileReference; lastKnownFileType = audio.mp3; path = "Mining by Moonlight.mp3"; sourceTree = "<group>"; };
		29EEC6601AC02C03008C824D /* Scrape.wav */ = {isa = PBXFileReference; lastKnownFileType = audio.wav; path = Scrape.wav; sourceTree = "<group>"; };
		29EEC6611AC02C03008C824D /* Sprites.atlas */ = {isa = PBXFileReference; lastKnownFileType = folder.skatlas; path = Sprites.atlas; sourceTree = "<group>"; };
		29EEC6741AC0322E008C824D /* BSGCoockie.h */ = {isa = PBXFileReference; fileEncoding = 4; lastKnownFileType = sourcecode.c.h; path = BSGCoockie.h; sourceTree = "<group>"; };
		29EEC6751AC0322E008C824D /* BSGCoockie.m */ = {isa = PBXFileReference; fileEncoding = 4; lastKnownFileType = sourcecode.c.objc; path = BSGCoockie.m; sourceTree = "<group>"; };
/* End PBXFileReference section */

/* Begin PBXFrameworksBuildPhase section */
		29EEC60B1AC029E1008C824D /* Frameworks */ = {
			isa = PBXFrameworksBuildPhase;
			buildActionMask = 2147483647;
			files = (
				29EEC6141AC029E1008C824D /* CoreGraphics.framework in Frameworks */,
				29EEC6161AC029E1008C824D /* UIKit.framework in Frameworks */,
				29EEC6181AC029E1008C824D /* SpriteKit.framework in Frameworks */,
				29EEC6121AC029E1008C824D /* Foundation.framework in Frameworks */,
			);
			runOnlyForDeploymentPostprocessing = 0;
		};
		29EEC6331AC029E1008C824D /* Frameworks */ = {
			isa = PBXFrameworksBuildPhase;
			buildActionMask = 2147483647;
			files = (
				29EEC6381AC029E1008C824D /* XCTest.framework in Frameworks */,
				29EEC63A1AC029E1008C824D /* UIKit.framework in Frameworks */,
				29EEC6391AC029E1008C824D /* Foundation.framework in Frameworks */,
			);
			runOnlyForDeploymentPostprocessing = 0;
		};
/* End PBXFrameworksBuildPhase section */

/* Begin PBXGroup section */
		29EEC6051AC029E1008C824D = {
			isa = PBXGroup;
			children = (
				29EEC6191AC029E1008C824D /* CoockieCrunch */,
				29EEC63D1AC029E1008C824D /* CoockieCrunchTests */,
				29EEC6101AC029E1008C824D /* Frameworks */,
				29EEC60F1AC029E1008C824D /* Products */,
			);
			sourceTree = "<group>";
		};
		29EEC60F1AC029E1008C824D /* Products */ = {
			isa = PBXGroup;
			children = (
				29EEC60E1AC029E1008C824D /* CoockieCrunch.app */,
				29EEC6361AC029E1008C824D /* CoockieCrunchTests.xctest */,
			);
			name = Products;
			sourceTree = "<group>";
		};
		29EEC6101AC029E1008C824D /* Frameworks */ = {
			isa = PBXGroup;
			children = (
				29EEC6111AC029E1008C824D /* Foundation.framework */,
				29EEC6131AC029E1008C824D /* CoreGraphics.framework */,
				29EEC6151AC029E1008C824D /* UIKit.framework */,
				29EEC6171AC029E1008C824D /* SpriteKit.framework */,
				29EEC6371AC029E1008C824D /* XCTest.framework */,
			);
			name = Frameworks;
			sourceTree = "<group>";
		};
		29EEC6191AC029E1008C824D /* CoockieCrunch */ = {
			isa = PBXGroup;
			children = (
				29EEC6221AC029E1008C824D /* BSGAppDelegate.h */,
				29EEC6231AC029E1008C824D /* BSGAppDelegate.m */,
				29EEC6251AC029E1008C824D /* Main.storyboard */,
				29EEC6281AC029E1008C824D /* BSGViewController.h */,
				29EEC6291AC029E1008C824D /* BSGViewController.m */,
				29EEC62B1AC029E1008C824D /* BSGMyScene.h */,
				29EEC62C1AC029E1008C824D /* BSGMyScene.m */,
				29EEC6301AC029E1008C824D /* Images.xcassets */,
				29EEC6731AC03202008C824D /* Objects */,
				29EEC64D1AC02C03008C824D /* Resources */,
				29EEC61A1AC029E1008C824D /* Supporting Files */,
			);
			path = CoockieCrunch;
			sourceTree = "<group>";
		};
		29EEC61A1AC029E1008C824D /* Supporting Files */ = {
			isa = PBXGroup;
			children = (
				29EEC61B1AC029E1008C824D /* CoockieCrunch-Info.plist */,
				29EEC61C1AC029E1008C824D /* InfoPlist.strings */,
				29EEC61F1AC029E1008C824D /* main.m */,
				29EEC6211AC029E1008C824D /* CoockieCrunch-Prefix.pch */,
			);
			name = "Supporting Files";
			sourceTree = "<group>";
		};
		29EEC63D1AC029E1008C824D /* CoockieCrunchTests */ = {
			isa = PBXGroup;
			children = (
				29EEC6431AC029E1008C824D /* CoockieCrunchTests.m */,
				29EEC63E1AC029E1008C824D /* Supporting Files */,
			);
			path = CoockieCrunchTests;
			sourceTree = "<group>";
		};
		29EEC63E1AC029E1008C824D /* Supporting Files */ = {
			isa = PBXGroup;
			children = (
				29EEC63F1AC029E1008C824D /* CoockieCrunchTests-Info.plist */,
				29EEC6401AC029E1008C824D /* InfoPlist.strings */,
			);
			name = "Supporting Files";
			sourceTree = "<group>";
		};
		29EEC64D1AC02C03008C824D /* Resources */ = {
			isa = PBXGroup;
			children = (
				29EEC64E1AC02C03008C824D /* Grid.atlas */,
				29EEC64F1AC02C03008C824D /* Images */,
				29EEC6541AC02C03008C824D /* Levels */,
				29EEC65A1AC02C03008C824D /* Sounds */,
				29EEC6611AC02C03008C824D /* Sprites.atlas */,
			);
			path = Resources;
			sourceTree = "<group>";
		};
		29EEC64F1AC02C03008C824D /* Images */ = {
			isa = PBXGroup;
			children = (
				29EEC6501AC02C03008C824D /* Background@2x.png */,
				29EEC6511AC02C03008C824D /* Button@2x.png */,
				29EEC6521AC02C03008C824D /* GameOver@2x.png */,
				29EEC6531AC02C03008C824D /* LevelComplete@2x.png */,
			);
			path = Images;
			sourceTree = "<group>";
		};
		29EEC6541AC02C03008C824D /* Levels */ = {
			isa = PBXGroup;
			children = (
				29EEC6551AC02C03008C824D /* Level_0.json */,
				29EEC6561AC02C03008C824D /* Level_1.json */,
				29EEC6571AC02C03008C824D /* Level_2.json */,
				29EEC6581AC02C03008C824D /* Level_3.json */,
				29EEC6591AC02C03008C824D /* Level_4.json */,
			);
			path = Levels;
			sourceTree = "<group>";
		};
		29EEC65A1AC02C03008C824D /* Sounds */ = {
			isa = PBXGroup;
			children = (
				29EEC65B1AC02C03008C824D /* Chomp.wav */,
				29EEC65C1AC02C03008C824D /* Drip.wav */,
				29EEC65D1AC02C03008C824D /* Error.wav */,
				29EEC65E1AC02C03008C824D /* Ka-Ching.wav */,
				29EEC65F1AC02C03008C824D /* Mining by Moonlight.mp3 */,
				29EEC6601AC02C03008C824D /* Scrape.wav */,
			);
			path = Sounds;
			sourceTree = "<group>";
		};
		29EEC6731AC03202008C824D /* Objects */ = {
			isa = PBXGroup;
			children = (
				29EEC6741AC0322E008C824D /* BSGCoockie.h */,
				29EEC6751AC0322E008C824D /* BSGCoockie.m */,
				29AE73BF1AC161CF00187AFA /* BSGLevel.h */,
				29AE73C01AC161CF00187AFA /* BSGLevel.m */,
			);
			name = Objects;
			sourceTree = "<group>";
		};
/* End PBXGroup section */

/* Begin PBXNativeTarget section */
		29EEC60D1AC029E1008C824D /* CoockieCrunch */ = {
			isa = PBXNativeTarget;
			buildConfigurationList = 29EEC6471AC029E1008C824D /* Build configuration list for PBXNativeTarget "CoockieCrunch" */;
			buildPhases = (
				29EEC60A1AC029E1008C824D /* Sources */,
				29EEC60B1AC029E1008C824D /* Frameworks */,
				29EEC60C1AC029E1008C824D /* Resources */,
			);
			buildRules = (
			);
			dependencies = (
			);
			name = CoockieCrunch;
			productName = CoockieCrunch;
			productReference = 29EEC60E1AC029E1008C824D /* CoockieCrunch.app */;
			productType = "com.apple.product-type.application";
		};
		29EEC6351AC029E1008C824D /* CoockieCrunchTests */ = {
			isa = PBXNativeTarget;
			buildConfigurationList = 29EEC64A1AC029E1008C824D /* Build configuration list for PBXNativeTarget "CoockieCrunchTests" */;
			buildPhases = (
				29EEC6321AC029E1008C824D /* Sources */,
				29EEC6331AC029E1008C824D /* Frameworks */,
				29EEC6341AC029E1008C824D /* Resources */,
			);
			buildRules = (
			);
			dependencies = (
				29EEC63C1AC029E1008C824D /* PBXTargetDependency */,
			);
			name = CoockieCrunchTests;
			productName = CoockieCrunchTests;
			productReference = 29EEC6361AC029E1008C824D /* CoockieCrunchTests.xctest */;
			productType = "com.apple.product-type.bundle.unit-test";
		};
/* End PBXNativeTarget section */

/* Begin PBXProject section */
		29EEC6061AC029E1008C824D /* Project object */ = {
			isa = PBXProject;
			attributes = {
				CLASSPREFIX = BSG;
				LastUpgradeCheck = 0510;
				ORGANIZATIONNAME = "BrylleS Games, Inc.";
				TargetAttributes = {
					29EEC6351AC029E1008C824D = {
						TestTargetID = 29EEC60D1AC029E1008C824D;
					};
				};
			};
			buildConfigurationList = 29EEC6091AC029E1008C824D /* Build configuration list for PBXProject "CoockieCrunch" */;
			compatibilityVersion = "Xcode 3.2";
			developmentRegion = English;
			hasScannedForEncodings = 0;
			knownRegions = (
				en,
				Base,
			);
			mainGroup = 29EEC6051AC029E1008C824D;
			productRefGroup = 29EEC60F1AC029E1008C824D /* Products */;
			projectDirPath = "";
			projectRoot = "";
			targets = (
				29EEC60D1AC029E1008C824D /* CoockieCrunch */,
				29EEC6351AC029E1008C824D /* CoockieCrunchTests */,
			);
		};
/* End PBXProject section */

/* Begin PBXResourcesBuildPhase section */
		29EEC60C1AC029E1008C824D /* Resources */ = {
			isa = PBXResourcesBuildPhase;
			buildActionMask = 2147483647;
			files = (
				29EEC6711AC02C03008C824D /* Scrape.wav in Resources */,
				29EEC6631AC02C03008C824D /* Background@2x.png in Resources */,
				29EEC6691AC02C03008C824D /* Level_2.json in Resources */,
				29EEC66E1AC02C03008C824D /* Error.wav in Resources */,
				29EEC6671AC02C03008C824D /* Level_0.json in Resources */,
				29EEC66D1AC02C03008C824D /* Drip.wav in Resources */,
				29EEC66B1AC02C03008C824D /* Level_4.json in Resources */,
				29EEC6701AC02C03008C824D /* Mining by Moonlight.mp3 in Resources */,
				29EEC66C1AC02C03008C824D /* Chomp.wav in Resources */,
				29EEC61E1AC029E1008C824D /* InfoPlist.strings in Resources */,
				29EEC6651AC02C03008C824D /* GameOver@2x.png in Resources */,
				29EEC6311AC029E1008C824D /* Images.xcassets in Resources */,
				29EEC6661AC02C03008C824D /* LevelComplete@2x.png in Resources */,
				29EEC6621AC02C03008C824D /* Grid.atlas in Resources */,
				29EEC6721AC02C03008C824D /* Sprites.atlas in Resources */,
				29EEC6681AC02C03008C824D /* Level_1.json in Resources */,
				29EEC66F1AC02C03008C824D /* Ka-Ching.wav in Resources */,
				29EEC66A1AC02C03008C824D /* Level_3.json in Resources */,
				29EEC6271AC029E1008C824D /* Main.storyboard in Resources */,
				29EEC6641AC02C03008C824D /* Button@2x.png in Resources */,
			);
			runOnlyForDeploymentPostprocessing = 0;
		};
		29EEC6341AC029E1008C824D /* Resources */ = {
			isa = PBXResourcesBuildPhase;
			buildActionMask = 2147483647;
			files = (
				29EEC6421AC029E1008C824D /* InfoPlist.strings in Resources */,
			);
			runOnlyForDeploymentPostprocessing = 0;
		};
/* End PBXResourcesBuildPhase section */

/* Begin PBXSourcesBuildPhase section */
		29EEC60A1AC029E1008C824D /* Sources */ = {
			isa = PBXSourcesBuildPhase;
			buildActionMask = 2147483647;
			files = (
				29EEC6201AC029E1008C824D /* main.m in Sources */,
				29AE73C11AC161CF00187AFA /* BSGLevel.m in Sources */,
				29EEC62A1AC029E1008C824D /* BSGViewController.m in Sources */,
				29EEC6241AC029E1008C824D /* BSGAppDelegate.m in Sources */,
				29EEC6761AC0322E008C824D /* BSGCoockie.m in Sources */,
				29EEC62D1AC029E1008C824D /* BSGMyScene.m in Sources */,
			);
			runOnlyForDeploymentPostprocessing = 0;
		};
		29EEC6321AC029E1008C824D /* Sources */ = {
			isa = PBXSourcesBuildPhase;
			buildActionMask = 2147483647;
			files = (
				29EEC6441AC029E1008C824D /* CoockieCrunchTests.m in Sources */,
			);
			runOnlyForDeploymentPostprocessing = 0;
		};
/* End PBXSourcesBuildPhase section */

/* Begin PBXTargetDependency section */
		29EEC63C1AC029E1008C824D /* PBXTargetDependency */ = {
			isa = PBXTargetDependency;
			target = 29EEC60D1AC029E1008C824D /* CoockieCrunch */;
			targetProxy = 29EEC63B1AC029E1008C824D /* PBXContainerItemProxy */;
		};
/* End PBXTargetDependency section */

/* Begin PBXVariantGroup section */
		29EEC61C1AC029E1008C824D /* InfoPlist.strings */ = {
			isa = PBXVariantGroup;
			children = (
				29EEC61D1AC029E1008C824D /* en */,
			);
			name = InfoPlist.strings;
			sourceTree = "<group>";
		};
		29EEC6251AC029E1008C824D /* Main.storyboard */ = {
			isa = PBXVariantGroup;
			children = (
				29EEC6261AC029E1008C824D /* Base */,
			);
			name = Main.storyboard;
			sourceTree = "<group>";
		};
		29EEC6401AC029E1008C824D /* InfoPlist.strings */ = {
			isa = PBXVariantGroup;
			children = (
				29EEC6411AC029E1008C824D /* en */,
			);
			name = InfoPlist.strings;
			sourceTree = "<group>";
		};
/* End PBXVariantGroup section */

/* Begin XCBuildConfiguration section */
		29EEC6451AC029E1008C824D /* Debug */ = {
			isa = XCBuildConfiguration;
			buildSettings = {
				ALWAYS_SEARCH_USER_PATHS = NO;
				CLANG_CXX_LANGUAGE_STANDARD = "gnu++0x";
				CLANG_CXX_LIBRARY = "libc++";
				CLANG_ENABLE_MODULES = YES;
				CLANG_ENABLE_OBJC_ARC = YES;
				CLANG_WARN_BOOL_CONVERSION = YES;
				CLANG_WARN_CONSTANT_CONVERSION = YES;
				CLANG_WARN_DIRECT_OBJC_ISA_USAGE = YES_ERROR;
				CLANG_WARN_EMPTY_BODY = YES;
				CLANG_WARN_ENUM_CONVERSION = YES;
				CLANG_WARN_INT_CONVERSION = YES;
				CLANG_WARN_OBJC_ROOT_CLASS = YES_ERROR;
				CLANG_WARN__DUPLICATE_METHOD_MATCH = YES;
				"CODE_SIGN_IDENTITY[sdk=iphoneos*]" = "iPhone Developer";
				COPY_PHASE_STRIP = NO;
				GCC_C_LANGUAGE_STANDARD = gnu99;
				GCC_DYNAMIC_NO_PIC = NO;
				GCC_OPTIMIZATION_LEVEL = 0;
				GCC_PREPROCESSOR_DEFINITIONS = (
					"DEBUG=1",
					"$(inherited)",
				);
				GCC_SYMBOLS_PRIVATE_EXTERN = NO;
				GCC_WARN_64_TO_32_BIT_CONVERSION = YES;
				GCC_WARN_ABOUT_RETURN_TYPE = YES_ERROR;
				GCC_WARN_UNDECLARED_SELECTOR = YES;
				GCC_WARN_UNINITIALIZED_AUTOS = YES_AGGRESSIVE;
				GCC_WARN_UNUSED_FUNCTION = YES;
				GCC_WARN_UNUSED_VARIABLE = YES;
				IPHONEOS_DEPLOYMENT_TARGET = 7.1;
				ONLY_ACTIVE_ARCH = YES;
				SDKROOT = iphoneos;
			};
			name = Debug;
		};
		29EEC6461AC029E1008C824D /* Release */ = {
			isa = XCBuildConfiguration;
			buildSettings = {
				ALWAYS_SEARCH_USER_PATHS = NO;
				CLANG_CXX_LANGUAGE_STANDARD = "gnu++0x";
				CLANG_CXX_LIBRARY = "libc++";
				CLANG_ENABLE_MODULES = YES;
				CLANG_ENABLE_OBJC_ARC = YES;
				CLANG_WARN_BOOL_CONVERSION = YES;
				CLANG_WARN_CONSTANT_CONVERSION = YES;
				CLANG_WARN_DIRECT_OBJC_ISA_USAGE = YES_ERROR;
				CLANG_WARN_EMPTY_BODY = YES;
				CLANG_WARN_ENUM_CONVERSION = YES;
				CLANG_WARN_INT_CONVERSION = YES;
				CLANG_WARN_OBJC_ROOT_CLASS = YES_ERROR;
				CLANG_WARN__DUPLICATE_METHOD_MATCH = YES;
				"CODE_SIGN_IDENTITY[sdk=iphoneos*]" = "iPhone Developer";
				COPY_PHASE_STRIP = YES;
				ENABLE_NS_ASSERTIONS = NO;
				GCC_C_LANGUAGE_STANDARD = gnu99;
				GCC_WARN_64_TO_32_BIT_CONVERSION = YES;
				GCC_WARN_ABOUT_RETURN_TYPE = YES_ERROR;
				GCC_WARN_UNDECLARED_SELECTOR = YES;
				GCC_WARN_UNINITIALIZED_AUTOS = YES_AGGRESSIVE;
				GCC_WARN_UNUSED_FUNCTION = YES;
				GCC_WARN_UNUSED_VARIABLE = YES;
				IPHONEOS_DEPLOYMENT_TARGET = 7.1;
				SDKROOT = iphoneos;
				VALIDATE_PRODUCT = YES;
			};
			name = Release;
		};
		29EEC6481AC029E1008C824D /* Debug */ = {
			isa = XCBuildConfiguration;
			buildSettings = {
				ASSETCATALOG_COMPILER_APPICON_NAME = AppIcon;
				ASSETCATALOG_COMPILER_LAUNCHIMAGE_NAME = LaunchImage;
				GCC_PRECOMPILE_PREFIX_HEADER = YES;
				GCC_PREFIX_HEADER = "CoockieCrunch/CoockieCrunch-Prefix.pch";
				INFOPLIST_FILE = "CoockieCrunch/CoockieCrunch-Info.plist";
				PRODUCT_NAME = "$(TARGET_NAME)";
				SPRITEKIT_TEXTURE_ATLAS_OUTPUT = YES;
				WRAPPER_EXTENSION = app;
			};
			name = Debug;
		};
		29EEC6491AC029E1008C824D /* Release */ = {
			isa = XCBuildConfiguration;
			buildSettings = {
				ASSETCATALOG_COMPILER_APPICON_NAME = AppIcon;
				ASSETCATALOG_COMPILER_LAUNCHIMAGE_NAME = LaunchImage;
				GCC_PRECOMPILE_PREFIX_HEADER = YES;
				GCC_PREFIX_HEADER = "CoockieCrunch/CoockieCrunch-Prefix.pch";
				INFOPLIST_FILE = "CoockieCrunch/CoockieCrunch-Info.plist";
				PRODUCT_NAME = "$(TARGET_NAME)";
				SPRITEKIT_TEXTURE_ATLAS_OUTPUT = YES;
				WRAPPER_EXTENSION = app;
			};
			name = Release;
		};
		29EEC64B1AC029E1008C824D /* Debug */ = {
			isa = XCBuildConfiguration;
			buildSettings = {
				BUNDLE_LOADER = "$(BUILT_PRODUCTS_DIR)/CoockieCrunch.app/CoockieCrunch";
				FRAMEWORK_SEARCH_PATHS = (
					"$(SDKROOT)/Developer/Library/Frameworks",
					"$(inherited)",
					"$(DEVELOPER_FRAMEWORKS_DIR)",
				);
				GCC_PRECOMPILE_PREFIX_HEADER = YES;
				GCC_PREFIX_HEADER = "CoockieCrunch/CoockieCrunch-Prefix.pch";
				GCC_PREPROCESSOR_DEFINITIONS = (
					"DEBUG=1",
					"$(inherited)",
				);
				INFOPLIST_FILE = "CoockieCrunchTests/CoockieCrunchTests-Info.plist";
				PRODUCT_NAME = "$(TARGET_NAME)";
				TEST_HOST = "$(BUNDLE_LOADER)";
				WRAPPER_EXTENSION = xctest;
			};
			name = Debug;
		};
		29EEC64C1AC029E1008C824D /* Release */ = {
			isa = XCBuildConfiguration;
			buildSettings = {
				BUNDLE_LOADER = "$(BUILT_PRODUCTS_DIR)/CoockieCrunch.app/CoockieCrunch";
				FRAMEWORK_SEARCH_PATHS = (
					"$(SDKROOT)/Developer/Library/Frameworks",
					"$(inherited)",
					"$(DEVELOPER_FRAMEWORKS_DIR)",
				);
				GCC_PRECOMPILE_PREFIX_HEADER = YES;
				GCC_PREFIX_HEADER = "CoockieCrunch/CoockieCrunch-Prefix.pch";
				INFOPLIST_FILE = "CoockieCrunchTests/CoockieCrunchTests-Info.plist";
				PRODUCT_NAME = "$(TARGET_NAME)";
				TEST_HOST = "$(BUNDLE_LOADER)";
				WRAPPER_EXTENSION = xctest;
			};
			name = Release;
		};
/* End XCBuildConfiguration section */

/* Begin XCConfigurationList section */
		29EEC6091AC029E1008C824D /* Build configuration list for PBXProject "CoockieCrunch" */ = {
			isa = XCConfigurationList;
			buildConfigurations = (
				29EEC6451AC029E1008C824D /* Debug */,
				29EEC6461AC029E1008C824D /* Release */,
			);
			defaultConfigurationIsVisible = 0;
			defaultConfigurationName = Release;
		};
		29EEC6471AC029E1008C824D /* Build configuration list for PBXNativeTarget "CoockieCrunch" */ = {
			isa = XCConfigurationList;
			buildConfigurations = (
				29EEC6481AC029E1008C824D /* Debug */,
				29EEC6491AC029E1008C824D /* Release */,
			);
			defaultConfigurationIsVisible = 0;
			defaultConfigurationName = Release;
		};
		29EEC64A1AC029E1008C824D /* Build configuration list for PBXNativeTarget "CoockieCrunchTests" */ = {
			isa = XCConfigurationList;
			buildConfigurations = (
				29EEC64B1AC029E1008C824D /* Debug */,
				29EEC64C1AC029E1008C824D /* Release */,
			);
			defaultConfigurationIsVisible = 0;
			defaultConfigurationName = Release;
		};
/* End XCConfigurationList section */
	};
	rootObject = 29EEC6061AC029E1008C824D /* Project object */;
}
